
Microsoft Visual Studio Solution File, Format Version 12.00
# Visual Studio Version 17
VisualStudioVersion = 17.6.33815.320
MinimumVisualStudioVersion = 10.0.40219.1
Project("{FAE04EC0-301F-11D3-BF4B-00C04F79EFBC}") = "Telecome", "Telecome\Telecome.csproj", "{2DA59503-583E-4C5B-B6A0-B510B412319A}"
EndProject
Global
	GlobalSection(SolutionConfigurationPlatforms) = preSolution
		Debug|Any CPU = Debug|Any CPU
		Release|Any CPU = Release|Any CPU
	EndGlobalSection
	GlobalSection(ProjectConfigurationPlatforms) = postSolution
		{2DA59503-583E-4C5B-B6A0-B510B412319A}.Debug|Any CPU.ActiveCfg = Debug|Any CPU
		{2DA59503-583E-4C5B-B6A0-B510B412319A}.Debug|Any CPU.Build.0 = Debug|Any CPU
		{2DA59503-583E-4C5B-B6A0-B510B412319A}.Release|Any CPU.ActiveCfg = Release|Any CPU
		{2DA59503-583E-4C5B-B6A0-B510B412319A}.Release|Any CPU.Build.0 = Release|Any CPU
	EndGlobalSection
	GlobalSection(SolutionProperties) = preSolution
		HideSolutionNode = FALSE
	EndGlobalSection
	GlobalSection(ExtensibilityGlobals) = postSolution
		SolutionGuid = {61EFD6F0-3D54-4EC3-A714-CDE7F5356DAA}
	EndGlobalSection
EndGlobal
